
Microsoft Visual Studio Solution File, Format Version 12.00
# Visual Studio Version 17
VisualStudioVersion = 17.5.33530.505
MinimumVisualStudioVersion = 10.0.40219.1
Project("{FAE04EC0-301F-11D3-BF4B-00C04F79EFBC}") = "AS2R Resolution Patcher", "AS2R Resolution Patcher\AS2R Resolution Patcher.csproj", "{5D219D63-2D32-409E-89CD-39CB8C3B2B15}"
EndProject
Global
	GlobalSection(SolutionConfigurationPlatforms) = preSolution
		Debug|Any CPU = Debug|Any CPU
		Release|Any CPU = Release|Any CPU
	EndGlobalSection
	GlobalSection(ProjectConfigurationPlatforms) = postSolution
		{5D219D63-2D32-409E-89CD-39CB8C3B2B15}.Debug|Any CPU.ActiveCfg = Debug|Any CPU
		{5D219D63-2D32-409E-89CD-39CB8C3B2B15}.Debug|Any CPU.Build.0 = Debug|Any CPU
		{5D219D63-2D32-409E-89CD-39CB8C3B2B15}.Release|Any CPU.ActiveCfg = Release|Any CPU
		{5D219D63-2D32-409E-89CD-39CB8C3B2B15}.Release|Any CPU.Build.0 = Release|Any CPU
	EndGlobalSection
	GlobalSection(SolutionProperties) = preSolution
		HideSolutionNode = FALSE
	EndGlobalSection
	GlobalSection(ExtensibilityGlobals) = postSolution
		SolutionGuid = {9BE0103E-A8BA-4FC0-BF35-5A6247C165CA}
	EndGlobalSection
EndGlobal
